
Microsoft Visual Studio Solution File, Format Version 12.00
# Visual Studio Version 16
VisualStudioVersion = 16.0.29123.88
MinimumVisualStudioVersion = 10.0.40219.1
Project("{9A19103F-16F7-4668-BE54-9A1E7A4F7556}") = "ToDoApp.DomainTests", "ToDoApp.DomainTests\ToDoApp.DomainTests.csproj", "{55CF0C52-3554-4D71-BD1F-66325EAC735E}"
EndProject
Project("{9A19103F-16F7-4668-BE54-9A1E7A4F7556}") = "ToDoApp.Domain", "ToDoApp.Domain\ToDoApp.Domain.csproj", "{7185AC1C-5D02-48A8-A95E-285DE3FFADCE}"
EndProject
Project("{FAE04EC0-301F-11D3-BF4B-00C04F79EFBC}") = "ToDoApp.UI.TestConsole", "ToDoApp.UI.TestConsole\ToDoApp.UI.TestConsole.csproj", "{97FAC75D-5356-401B-9AAF-470139632BB1}"
EndProject
Project("{FAE04EC0-301F-11D3-BF4B-00C04F79EFBC}") = "ToDoApp.Data.SqlServer", "ToDoApp.Data.SqlServer\ToDoApp.Data.SqlServer.csproj", "{14FDD1C2-D45D-487C-89C1-AA014B21AF59}"
EndProject
Global
	GlobalSection(SolutionConfigurationPlatforms) = preSolution
		Debug|Any CPU = Debug|Any CPU
		Release|Any CPU = Release|Any CPU
	EndGlobalSection
	GlobalSection(ProjectConfigurationPlatforms) = postSolution
		{55CF0C52-3554-4D71-BD1F-66325EAC735E}.Debug|Any CPU.ActiveCfg = Debug|Any CPU
		{55CF0C52-3554-4D71-BD1F-66325EAC735E}.Debug|Any CPU.Build.0 = Debug|Any CPU
		{55CF0C52-3554-4D71-BD1F-66325EAC735E}.Release|Any CPU.ActiveCfg = Release|Any CPU
		{55CF0C52-3554-4D71-BD1F-66325EAC735E}.Release|Any CPU.Build.0 = Release|Any CPU
		{7185AC1C-5D02-48A8-A95E-285DE3FFADCE}.Debug|Any CPU.ActiveCfg = Debug|Any CPU
		{7185AC1C-5D02-48A8-A95E-285DE3FFADCE}.Debug|Any CPU.Build.0 = Debug|Any CPU
		{7185AC1C-5D02-48A8-A95E-285DE3FFADCE}.Release|Any CPU.ActiveCfg = Release|Any CPU
		{7185AC1C-5D02-48A8-A95E-285DE3FFADCE}.Release|Any CPU.Build.0 = Release|Any CPU
		{97FAC75D-5356-401B-9AAF-470139632BB1}.Debug|Any CPU.ActiveCfg = Debug|Any CPU
		{97FAC75D-5356-401B-9AAF-470139632BB1}.Debug|Any CPU.Build.0 = Debug|Any CPU
		{97FAC75D-5356-401B-9AAF-470139632BB1}.Release|Any CPU.ActiveCfg = Release|Any CPU
		{97FAC75D-5356-401B-9AAF-470139632BB1}.Release|Any CPU.Build.0 = Release|Any CPU
		{14FDD1C2-D45D-487C-89C1-AA014B21AF59}.Debug|Any CPU.ActiveCfg = Debug|Any CPU
		{14FDD1C2-D45D-487C-89C1-AA014B21AF59}.Debug|Any CPU.Build.0 = Debug|Any CPU
		{14FDD1C2-D45D-487C-89C1-AA014B21AF59}.Release|Any CPU.ActiveCfg = Release|Any CPU
		{14FDD1C2-D45D-487C-89C1-AA014B21AF59}.Release|Any CPU.Build.0 = Release|Any CPU
	EndGlobalSection
	GlobalSection(SolutionProperties) = preSolution
		HideSolutionNode = FALSE
	EndGlobalSection
	GlobalSection(ExtensibilityGlobals) = postSolution
		SolutionGuid = {9F881F0E-BF4E-440E-8448-6D20FDFDC29F}
	EndGlobalSection
EndGlobal
